
Microsoft Visual Studio Solution File, Format Version 12.00
# Visual Studio Version 16
VisualStudioVersion = 16.0.30907.101
MinimumVisualStudioVersion = 10.0.40219.1
Project("{888888A0-9F3D-457C-B088-3A5042F75D52}") = "Euroopa riigid", "Euroopa riigid.pyproj", "{F8FDFF67-5580-49B0-B75E-3A31EAEDB0D9}"
EndProject
Global
	GlobalSection(SolutionConfigurationPlatforms) = preSolution
		Debug|Any CPU = Debug|Any CPU
		Release|Any CPU = Release|Any CPU
	EndGlobalSection
	GlobalSection(ProjectConfigurationPlatforms) = postSolution
		{F8FDFF67-5580-49B0-B75E-3A31EAEDB0D9}.Debug|Any CPU.ActiveCfg = Debug|Any CPU
		{F8FDFF67-5580-49B0-B75E-3A31EAEDB0D9}.Release|Any CPU.ActiveCfg = Release|Any CPU
	EndGlobalSection
	GlobalSection(SolutionProperties) = preSolution
		HideSolutionNode = FALSE
	EndGlobalSection
	GlobalSection(ExtensibilityGlobals) = postSolution
		SolutionGuid = {99B755C4-D5AF-483D-98C1-078DA871181E}
	EndGlobalSection
EndGlobal
